
Microsoft Visual Studio Solution File, Format Version 12.00
# Visual Studio Version 17
VisualStudioVersion = 17.8.34205.153
MinimumVisualStudioVersion = 10.0.40219.1
Project("{FAE04EC0-301F-11D3-BF4B-00C04F79EFBC}") = "WinFormsApp1", "WinFormsApp1\WinFormsApp1.csproj", "{BEA62B03-5696-466D-BBB0-7B013C873946}"
EndProject
Global
	GlobalSection(SolutionConfigurationPlatforms) = preSolution
		Debug|Any CPU = Debug|Any CPU
		Release|Any CPU = Release|Any CPU
	EndGlobalSection
	GlobalSection(ProjectConfigurationPlatforms) = postSolution
		{BEA62B03-5696-466D-BBB0-7B013C873946}.Debug|Any CPU.ActiveCfg = Debug|Any CPU
		{BEA62B03-5696-466D-BBB0-7B013C873946}.Debug|Any CPU.Build.0 = Debug|Any CPU
		{BEA62B03-5696-466D-BBB0-7B013C873946}.Release|Any CPU.ActiveCfg = Release|Any CPU
		{BEA62B03-5696-466D-BBB0-7B013C873946}.Release|Any CPU.Build.0 = Release|Any CPU
	EndGlobalSection
	GlobalSection(SolutionProperties) = preSolution
		HideSolutionNode = FALSE
	EndGlobalSection
	GlobalSection(ExtensibilityGlobals) = postSolution
		SolutionGuid = {7D9ECED0-B79E-497A-8531-F82DD8A5A820}
	EndGlobalSection
EndGlobal
